{
  "name": "m2",
  "version": "1.0.0",
  "lockfileVersion": 1,
  "requires": true,
  "dependencies": {
    "errno": {
      "version": "0.1.6",
      "resolved": "https://registry.npmjs.org/errno/-/errno-0.1.6.tgz",
      "integrity": "sha512-IsORQDpaaSwcDP4ZZnHxgE85werpo34VYn1Ud3mq+eUsF593faR8oCZNXrROVkpFu2TsbrNhHin0aUrTsQ9vNw==",
      "requires": {
        "prr": "1.0.1"
      }
    },
    "prr": {
      "version": "1.0.1",
      "resolved": "https://registry.npmjs.org/prr/-/prr-1.0.1.tgz",
      "integrity": "sha1-0/wRS6BplaRexok/SEzrHXj19HY="
    },
    "worker-farm": {
      "version": "1.5.2",
      "resolved": "https://registry.npmjs.org/worker-farm/-/worker-farm-1.5.2.tgz",
      "integrity": "sha512-XxiQ9kZN5n6mmnW+mFJ+wXjNNI/Nx4DIdaAKLX1Bn6LYBWlN/zaBhu34DQYPZ1AJobQuu67S2OfDdNSVULvXkQ==",
      "requires": {
        "errno": "0.1.6",
        "xtend": "4.0.1"
      }
    },
    "xtend": {
      "version": "4.0.1",
      "resolved": "https://registry.npmjs.org/xtend/-/xtend-4.0.1.tgz",
      "integrity": "sha1-pcbVMr5lbiPbgg77lDofBJmNY68="
    }
  }
}
